
Microsoft Visual Studio Solution File, Format Version 12.00
# Visual Studio Version 16
VisualStudioVersion = 16.0.30717.126
MinimumVisualStudioVersion = 10.0.40219.1
Project("{2150E333-8FDC-42A3-9474-1A3956D46DE8}") = "ShopManagement", "ShopManagement", "{F363FFF9-977A-4B71-87E1-593C7EB5513A}"
EndProject
Project("{2150E333-8FDC-42A3-9474-1A3956D46DE8}") = "SHM.Domain", "SHM.Domain", "{3352991B-537D-4C05-958C-41232E735D6D}"
EndProject
Project("{9A19103F-16F7-4668-BE54-9A1E7A4F7556}") = "ShopManagement.Domain", "ShopManagement.Domain\ShopManagement.Domain.csproj", "{E88B4159-1F1D-42A5-8F38-B935FF1E1EE7}"
EndProject
Project("{9A19103F-16F7-4668-BE54-9A1E7A4F7556}") = "0_Framework", "0_Framework\0_Framework.csproj", "{CA1B4F91-4D11-480E-AAEA-EF2B49BB7C5B}"
EndProject
Project("{2150E333-8FDC-42A3-9474-1A3956D46DE8}") = "SHM.Application", "SHM.Application", "{F9F51D19-7F49-4FB8-8189-421C9EF6276D}"
EndProject
Project("{9A19103F-16F7-4668-BE54-9A1E7A4F7556}") = "ShopManagement.Application.Contract", "ShopManagement.Application.Contract\ShopManagement.Application.Contract.csproj", "{0BF96BFD-C312-4C8B-8D00-F88B22F1174B}"
EndProject
Project("{9A19103F-16F7-4668-BE54-9A1E7A4F7556}") = "ShopManagement.Application", "ShopManagement.Application\ShopManagement.Application.csproj", "{2A259DAC-BFDD-45A2-A772-93F7B1C7C9C9}"
EndProject
Project("{2150E333-8FDC-42A3-9474-1A3956D46DE8}") = "SHM.Infrastructure", "SHM.Infrastructure", "{F14300AE-930F-48CA-B8B9-56D5EDF2AF5E}"
EndProject
Project("{9A19103F-16F7-4668-BE54-9A1E7A4F7556}") = "ShopManagement.Infrastructure.EFCore", "ShopManagement.Infrastructure.EFCore\ShopManagement.Infrastructure.EFCore.csproj", "{9F9350A4-0C20-4006-BC86-D27A0430BC00}"
EndProject
Project("{9A19103F-16F7-4668-BE54-9A1E7A4F7556}") = "ShopManagement.Configuration", "ShopManagement.Configuration\ShopManagement.Configuration.csproj", "{1B88EBCE-F5EC-4C18-B66A-52527823FECB}"
EndProject
Project("{9A19103F-16F7-4668-BE54-9A1E7A4F7556}") = "ServiceHost", "ServiceHost\ServiceHost.csproj", "{12940FE3-BD02-4DA1-A1FE-869E7D6F63CC}"
EndProject
Project("{9A19103F-16F7-4668-BE54-9A1E7A4F7556}") = "01_LampshadeQuery", "01_LampshadeQuery\01_LampshadeQuery.csproj", "{64AE2B97-0FB9-4F36-8358-5B0023C380F6}"
EndProject
Project("{2150E333-8FDC-42A3-9474-1A3956D46DE8}") = "DiscountManagement", "DiscountManagement", "{3D499B5B-57FB-416B-BE4C-BAA0F2626583}"
EndProject
Project("{2150E333-8FDC-42A3-9474-1A3956D46DE8}") = "DM.Domain", "DM.Domain", "{589F0BD9-DA17-4D5C-9CDF-3B70A589AE5B}"
EndProject
Project("{2150E333-8FDC-42A3-9474-1A3956D46DE8}") = "DM.Application", "DM.Application", "{9B15A1E3-83A5-4F0A-8B93-C74E4C72A3CF}"
EndProject
Project("{2150E333-8FDC-42A3-9474-1A3956D46DE8}") = "DM.Infrastructure", "DM.Infrastructure", "{9CCABF31-62A3-4D00-8BB0-D3B1DC1C60E5}"
EndProject
Project("{9A19103F-16F7-4668-BE54-9A1E7A4F7556}") = "DiscountManagement.Domain", "DiscountManagement.Domain\DiscountManagement.Domain.csproj", "{0BDB77CE-CC71-4175-92DC-F3B51DC6E4D7}"
EndProject
Project("{9A19103F-16F7-4668-BE54-9A1E7A4F7556}") = "DiscountManagement.Application.Contract", "DiscountManagement.Application\DiscountManagement.Application.Contract.csproj", "{DEA1C0D7-B8A8-4C58-9937-6CF685CD2816}"
EndProject
Project("{9A19103F-16F7-4668-BE54-9A1E7A4F7556}") = "DiscountManagement.Application", "DiscountManagementApplication\DiscountManagement.Application.csproj", "{5A767F24-1AC9-40AC-BB36-FB6C394ED2B4}"
EndProject
Project("{9A19103F-16F7-4668-BE54-9A1E7A4F7556}") = "DiscountManagement.Infrastructure.EFCore", "DiscountManagement.Infrastructure.EFCore\DiscountManagement.Infrastructure.EFCore.csproj", "{CF66556C-866F-40A6-8A63-B169E0DD2130}"
EndProject
Project("{9A19103F-16F7-4668-BE54-9A1E7A4F7556}") = "DiscountManagement.Configuration", "DiscountManagement.Configuration\DiscountManagement.Configuration.csproj", "{C3888D78-47DF-433A-AD3C-788919C27885}"
EndProject
Project("{2150E333-8FDC-42A3-9474-1A3956D46DE8}") = "Inventory Management", "Inventory Management", "{5F8F42A0-49E1-42B3-93CC-A20D2319B751}"
EndProject
Project("{2150E333-8FDC-42A3-9474-1A3956D46DE8}") = "IM.Domain", "IM.Domain", "{4A4DBF18-35A0-425B-8B87-0C098F0515AC}"
EndProject
Project("{2150E333-8FDC-42A3-9474-1A3956D46DE8}") = "IM.Application", "IM.Application", "{BFB56742-71D3-450E-A692-CFC2A9A3EA97}"
EndProject
Project("{2150E333-8FDC-42A3-9474-1A3956D46DE8}") = "IM.Infrastructure", "IM.Infrastructure", "{6406A9FB-B0CA-4B4E-93CE-2567B94CEACD}"
EndProject
Project("{9A19103F-16F7-4668-BE54-9A1E7A4F7556}") = "InventoryManagement.Domain", "InventoryManagement.Domain\InventoryManagement.Domain.csproj", "{AF469FDB-F289-41DD-81A8-5141308C5840}"
EndProject
Project("{9A19103F-16F7-4668-BE54-9A1E7A4F7556}") = "InventoryManagement.Application.Contract", "InventoryManagement.Application.Contract\InventoryManagement.Application.Contract.csproj", "{DD2CDC72-E9B2-46B9-AE90-0665BE78F8BA}"
EndProject
Project("{9A19103F-16F7-4668-BE54-9A1E7A4F7556}") = "InventoryManagement.Infrastructure.EfCore", "InventoryManagement.Infrastructure.EfCore\InventoryManagement.Infrastructure.EfCore.csproj", "{A1FB9BB5-E2E5-4BBC-985A-86B7C8A2C16C}"
EndProject
Project("{9A19103F-16F7-4668-BE54-9A1E7A4F7556}") = "InventoryManagement.Configuration", "InventoryManagement.Configuration\InventoryManagement.Configuration.csproj", "{8B71BCB1-A2BE-4F73-A0F7-24BBDF73A7BB}"
EndProject
Project("{9A19103F-16F7-4668-BE54-9A1E7A4F7556}") = "InventoryManagement.Application", "InventoryManagement.Application\InventoryManagement.Application.csproj", "{38CDDEC6-1CB2-4E8C-9C79-E67DB828155E}"
EndProject
Global
	GlobalSection(SolutionConfigurationPlatforms) = preSolution
		Debug|Any CPU = Debug|Any CPU
		Release|Any CPU = Release|Any CPU
	EndGlobalSection
	GlobalSection(ProjectConfigurationPlatforms) = postSolution
		{E88B4159-1F1D-42A5-8F38-B935FF1E1EE7}.Debug|Any CPU.ActiveCfg = Debug|Any CPU
		{E88B4159-1F1D-42A5-8F38-B935FF1E1EE7}.Debug|Any CPU.Build.0 = Debug|Any CPU
		{E88B4159-1F1D-42A5-8F38-B935FF1E1EE7}.Release|Any CPU.ActiveCfg = Release|Any CPU
		{E88B4159-1F1D-42A5-8F38-B935FF1E1EE7}.Release|Any CPU.Build.0 = Release|Any CPU
		{CA1B4F91-4D11-480E-AAEA-EF2B49BB7C5B}.Debug|Any CPU.ActiveCfg = Debug|Any CPU
		{CA1B4F91-4D11-480E-AAEA-EF2B49BB7C5B}.Debug|Any CPU.Build.0 = Debug|Any CPU
		{CA1B4F91-4D11-480E-AAEA-EF2B49BB7C5B}.Release|Any CPU.ActiveCfg = Release|Any CPU
		{CA1B4F91-4D11-480E-AAEA-EF2B49BB7C5B}.Release|Any CPU.Build.0 = Release|Any CPU
		{0BF96BFD-C312-4C8B-8D00-F88B22F1174B}.Debug|Any CPU.ActiveCfg = Debug|Any CPU
		{0BF96BFD-C312-4C8B-8D00-F88B22F1174B}.Debug|Any CPU.Build.0 = Debug|Any CPU
		{0BF96BFD-C312-4C8B-8D00-F88B22F1174B}.Release|Any CPU.ActiveCfg = Release|Any CPU
		{0BF96BFD-C312-4C8B-8D00-F88B22F1174B}.Release|Any CPU.Build.0 = Release|Any CPU
		{2A259DAC-BFDD-45A2-A772-93F7B1C7C9C9}.Debug|Any CPU.ActiveCfg = Debug|Any CPU
		{2A259DAC-BFDD-45A2-A772-93F7B1C7C9C9}.Debug|Any CPU.Build.0 = Debug|Any CPU
		{2A259DAC-BFDD-45A2-A772-93F7B1C7C9C9}.Release|Any CPU.ActiveCfg = Release|Any CPU
		{2A259DAC-BFDD-45A2-A772-93F7B1C7C9C9}.Release|Any CPU.Build.0 = Release|Any CPU
		{9F9350A4-0C20-4006-BC86-D27A0430BC00}.Debug|Any CPU.ActiveCfg = Debug|Any CPU
		{9F9350A4-0C20-4006-BC86-D27A0430BC00}.Debug|Any CPU.Build.0 = Debug|Any CPU
		{9F9350A4-0C20-4006-BC86-D27A0430BC00}.Release|Any CPU.ActiveCfg = Release|Any CPU
		{9F9350A4-0C20-4006-BC86-D27A0430BC00}.Release|Any CPU.Build.0 = Release|Any CPU
		{1B88EBCE-F5EC-4C18-B66A-52527823FECB}.Debug|Any CPU.ActiveCfg = Debug|Any CPU
		{1B88EBCE-F5EC-4C18-B66A-52527823FECB}.Debug|Any CPU.Build.0 = Debug|Any CPU
		{1B88EBCE-F5EC-4C18-B66A-52527823FECB}.Release|Any CPU.ActiveCfg = Release|Any CPU
		{1B88EBCE-F5EC-4C18-B66A-52527823FECB}.Release|Any CPU.Build.0 = Release|Any CPU
		{12940FE3-BD02-4DA1-A1FE-869E7D6F63CC}.Debug|Any CPU.ActiveCfg = Debug|Any CPU
		{12940FE3-BD02-4DA1-A1FE-869E7D6F63CC}.Debug|Any CPU.Build.0 = Debug|Any CPU
		{12940FE3-BD02-4DA1-A1FE-869E7D6F63CC}.Release|Any CPU.ActiveCfg = Release|Any CPU
		{12940FE3-BD02-4DA1-A1FE-869E7D6F63CC}.Release|Any CPU.Build.0 = Release|Any CPU
		{64AE2B97-0FB9-4F36-8358-5B0023C380F6}.Debug|Any CPU.ActiveCfg = Debug|Any CPU
		{64AE2B97-0FB9-4F36-8358-5B0023C380F6}.Debug|Any CPU.Build.0 = Debug|Any CPU
		{64AE2B97-0FB9-4F36-8358-5B0023C380F6}.Release|Any CPU.ActiveCfg = Release|Any CPU
		{64AE2B97-0FB9-4F36-8358-5B0023C380F6}.Release|Any CPU.Build.0 = Release|Any CPU
		{0BDB77CE-CC71-4175-92DC-F3B51DC6E4D7}.Debug|Any CPU.ActiveCfg = Debug|Any CPU
		{0BDB77CE-CC71-4175-92DC-F3B51DC6E4D7}.Debug|Any CPU.Build.0 = Debug|Any CPU
		{0BDB77CE-CC71-4175-92DC-F3B51DC6E4D7}.Release|Any CPU.ActiveCfg = Release|Any CPU
		{0BDB77CE-CC71-4175-92DC-F3B51DC6E4D7}.Release|Any CPU.Build.0 = Release|Any CPU
		{DEA1C0D7-B8A8-4C58-9937-6CF685CD2816}.Debug|Any CPU.ActiveCfg = Debug|Any CPU
		{DEA1C0D7-B8A8-4C58-9937-6CF685CD2816}.Debug|Any CPU.Build.0 = Debug|Any CPU
		{DEA1C0D7-B8A8-4C58-9937-6CF685CD2816}.Release|Any CPU.ActiveCfg = Release|Any CPU
		{DEA1C0D7-B8A8-4C58-9937-6CF685CD2816}.Release|Any CPU.Build.0 = Release|Any CPU
		{5A767F24-1AC9-40AC-BB36-FB6C394ED2B4}.Debug|Any CPU.ActiveCfg = Debug|Any CPU
		{5A767F24-1AC9-40AC-BB36-FB6C394ED2B4}.Debug|Any CPU.Build.0 = Debug|Any CPU
		{5A767F24-1AC9-40AC-BB36-FB6C394ED2B4}.Release|Any CPU.ActiveCfg = Release|Any CPU
		{5A767F24-1AC9-40AC-BB36-FB6C394ED2B4}.Release|Any CPU.Build.0 = Release|Any CPU
		{CF66556C-866F-40A6-8A63-B169E0DD2130}.Debug|Any CPU.ActiveCfg = Debug|Any CPU
		{CF66556C-866F-40A6-8A63-B169E0DD2130}.Debug|Any CPU.Build.0 = Debug|Any CPU
		{CF66556C-866F-40A6-8A63-B169E0DD2130}.Release|Any CPU.ActiveCfg = Release|Any CPU
		{CF66556C-866F-40A6-8A63-B169E0DD2130}.Release|Any CPU.Build.0 = Release|Any CPU
		{C3888D78-47DF-433A-AD3C-788919C27885}.Debug|Any CPU.ActiveCfg = Debug|Any CPU
		{C3888D78-47DF-433A-AD3C-788919C27885}.Debug|Any CPU.Build.0 = Debug|Any CPU
		{C3888D78-47DF-433A-AD3C-788919C27885}.Release|Any CPU.ActiveCfg = Release|Any CPU
		{C3888D78-47DF-433A-AD3C-788919C27885}.Release|Any CPU.Build.0 = Release|Any CPU
		{AF469FDB-F289-41DD-81A8-5141308C5840}.Debug|Any CPU.ActiveCfg = Debug|Any CPU
		{AF469FDB-F289-41DD-81A8-5141308C5840}.Debug|Any CPU.Build.0 = Debug|Any CPU
		{AF469FDB-F289-41DD-81A8-5141308C5840}.Release|Any CPU.ActiveCfg = Release|Any CPU
		{AF469FDB-F289-41DD-81A8-5141308C5840}.Release|Any CPU.Build.0 = Release|Any CPU
		{DD2CDC72-E9B2-46B9-AE90-0665BE78F8BA}.Debug|Any CPU.ActiveCfg = Debug|Any CPU
		{DD2CDC72-E9B2-46B9-AE90-0665BE78F8BA}.Debug|Any CPU.Build.0 = Debug|Any CPU
		{DD2CDC72-E9B2-46B9-AE90-0665BE78F8BA}.Release|Any CPU.ActiveCfg = Release|Any CPU
		{DD2CDC72-E9B2-46B9-AE90-0665BE78F8BA}.Release|Any CPU.Build.0 = Release|Any CPU
		{A1FB9BB5-E2E5-4BBC-985A-86B7C8A2C16C}.Debug|Any CPU.ActiveCfg = Debug|Any CPU
		{A1FB9BB5-E2E5-4BBC-985A-86B7C8A2C16C}.Debug|Any CPU.Build.0 = Debug|Any CPU
		{A1FB9BB5-E2E5-4BBC-985A-86B7C8A2C16C}.Release|Any CPU.ActiveCfg = Release|Any CPU
		{A1FB9BB5-E2E5-4BBC-985A-86B7C8A2C16C}.Release|Any CPU.Build.0 = Release|Any CPU
		{8B71BCB1-A2BE-4F73-A0F7-24BBDF73A7BB}.Debug|Any CPU.ActiveCfg = Debug|Any CPU
		{8B71BCB1-A2BE-4F73-A0F7-24BBDF73A7BB}.Debug|Any CPU.Build.0 = Debug|Any CPU
		{8B71BCB1-A2BE-4F73-A0F7-24BBDF73A7BB}.Release|Any CPU.ActiveCfg = Release|Any CPU
		{8B71BCB1-A2BE-4F73-A0F7-24BBDF73A7BB}.Release|Any CPU.Build.0 = Release|Any CPU
		{38CDDEC6-1CB2-4E8C-9C79-E67DB828155E}.Debug|Any CPU.ActiveCfg = Debug|Any CPU
		{38CDDEC6-1CB2-4E8C-9C79-E67DB828155E}.Debug|Any CPU.Build.0 = Debug|Any CPU
		{38CDDEC6-1CB2-4E8C-9C79-E67DB828155E}.Release|Any CPU.ActiveCfg = Release|Any CPU
		{38CDDEC6-1CB2-4E8C-9C79-E67DB828155E}.Release|Any CPU.Build.0 = Release|Any CPU
	EndGlobalSection
	GlobalSection(SolutionProperties) = preSolution
		HideSolutionNode = FALSE
	EndGlobalSection
	GlobalSection(NestedProjects) = preSolution
		{3352991B-537D-4C05-958C-41232E735D6D} = {F363FFF9-977A-4B71-87E1-593C7EB5513A}
		{E88B4159-1F1D-42A5-8F38-B935FF1E1EE7} = {3352991B-537D-4C05-958C-41232E735D6D}
		{F9F51D19-7F49-4FB8-8189-421C9EF6276D} = {F363FFF9-977A-4B71-87E1-593C7EB5513A}
		{0BF96BFD-C312-4C8B-8D00-F88B22F1174B} = {F9F51D19-7F49-4FB8-8189-421C9EF6276D}
		{2A259DAC-BFDD-45A2-A772-93F7B1C7C9C9} = {F9F51D19-7F49-4FB8-8189-421C9EF6276D}
		{F14300AE-930F-48CA-B8B9-56D5EDF2AF5E} = {F363FFF9-977A-4B71-87E1-593C7EB5513A}
		{9F9350A4-0C20-4006-BC86-D27A0430BC00} = {F14300AE-930F-48CA-B8B9-56D5EDF2AF5E}
		{1B88EBCE-F5EC-4C18-B66A-52527823FECB} = {F14300AE-930F-48CA-B8B9-56D5EDF2AF5E}
		{589F0BD9-DA17-4D5C-9CDF-3B70A589AE5B} = {3D499B5B-57FB-416B-BE4C-BAA0F2626583}
		{9B15A1E3-83A5-4F0A-8B93-C74E4C72A3CF} = {3D499B5B-57FB-416B-BE4C-BAA0F2626583}
		{9CCABF31-62A3-4D00-8BB0-D3B1DC1C60E5} = {3D499B5B-57FB-416B-BE4C-BAA0F2626583}
		{0BDB77CE-CC71-4175-92DC-F3B51DC6E4D7} = {589F0BD9-DA17-4D5C-9CDF-3B70A589AE5B}
		{DEA1C0D7-B8A8-4C58-9937-6CF685CD2816} = {9B15A1E3-83A5-4F0A-8B93-C74E4C72A3CF}
		{5A767F24-1AC9-40AC-BB36-FB6C394ED2B4} = {9B15A1E3-83A5-4F0A-8B93-C74E4C72A3CF}
		{CF66556C-866F-40A6-8A63-B169E0DD2130} = {9CCABF31-62A3-4D00-8BB0-D3B1DC1C60E5}
		{C3888D78-47DF-433A-AD3C-788919C27885} = {9CCABF31-62A3-4D00-8BB0-D3B1DC1C60E5}
		{4A4DBF18-35A0-425B-8B87-0C098F0515AC} = {5F8F42A0-49E1-42B3-93CC-A20D2319B751}
		{BFB56742-71D3-450E-A692-CFC2A9A3EA97} = {5F8F42A0-49E1-42B3-93CC-A20D2319B751}
		{6406A9FB-B0CA-4B4E-93CE-2567B94CEACD} = {5F8F42A0-49E1-42B3-93CC-A20D2319B751}
		{AF469FDB-F289-41DD-81A8-5141308C5840} = {4A4DBF18-35A0-425B-8B87-0C098F0515AC}
		{DD2CDC72-E9B2-46B9-AE90-0665BE78F8BA} = {BFB56742-71D3-450E-A692-CFC2A9A3EA97}
		{A1FB9BB5-E2E5-4BBC-985A-86B7C8A2C16C} = {6406A9FB-B0CA-4B4E-93CE-2567B94CEACD}
		{8B71BCB1-A2BE-4F73-A0F7-24BBDF73A7BB} = {6406A9FB-B0CA-4B4E-93CE-2567B94CEACD}
		{38CDDEC6-1CB2-4E8C-9C79-E67DB828155E} = {BFB56742-71D3-450E-A692-CFC2A9A3EA97}
	EndGlobalSection
	GlobalSection(ExtensibilityGlobals) = postSolution
		SolutionGuid = {D6842182-5D20-44C8-8D24-5B8D7F38CEDA}
	EndGlobalSection
EndGlobal
